
Microsoft Visual Studio Solution File, Format Version 12.00
# Visual Studio 15
VisualStudioVersion = 15.0.28010.2026
MinimumVisualStudioVersion = 10.0.40219.1
Project("{8BC9CEB8-8B4A-11D0-8D11-00A0C91BC942}") = "GasStationSimulation", "GasStationSimulation\GasStationSimulation.vcxproj", "{F20EE299-CB24-45C5-B803-2AD7DEC41B68}"
EndProject
Project("{8BC9CEB8-8B4A-11D0-8D11-00A0C91BC942}") = "PumpControl", "PumpControl\PumpControl.vcxproj", "{5611FF39-CA32-4CF9-917A-7C3EAF98C1CB}"
EndProject
Project("{8BC9CEB8-8B4A-11D0-8D11-00A0C91BC942}") = "GasStationComputer", "GasStationComputer\GasStationComputer.vcxproj", "{2646688D-1611-49FA-8484-F19485C94C68}"
EndProject
Global
	GlobalSection(SolutionConfigurationPlatforms) = preSolution
		Debug|x64 = Debug|x64
		Debug|x86 = Debug|x86
		Release|x64 = Release|x64
		Release|x86 = Release|x86
	EndGlobalSection
	GlobalSection(ProjectConfigurationPlatforms) = postSolution
		{F20EE299-CB24-45C5-B803-2AD7DEC41B68}.Debug|x64.ActiveCfg = Debug|x64
		{F20EE299-CB24-45C5-B803-2AD7DEC41B68}.Debug|x64.Build.0 = Debug|x64
		{F20EE299-CB24-45C5-B803-2AD7DEC41B68}.Debug|x86.ActiveCfg = Debug|Win32
		{F20EE299-CB24-45C5-B803-2AD7DEC41B68}.Debug|x86.Build.0 = Debug|Win32
		{F20EE299-CB24-45C5-B803-2AD7DEC41B68}.Release|x64.ActiveCfg = Release|x64
		{F20EE299-CB24-45C5-B803-2AD7DEC41B68}.Release|x64.Build.0 = Release|x64
		{F20EE299-CB24-45C5-B803-2AD7DEC41B68}.Release|x86.ActiveCfg = Release|Win32
		{F20EE299-CB24-45C5-B803-2AD7DEC41B68}.Release|x86.Build.0 = Release|Win32
		{5611FF39-CA32-4CF9-917A-7C3EAF98C1CB}.Debug|x64.ActiveCfg = Debug|x64
		{5611FF39-CA32-4CF9-917A-7C3EAF98C1CB}.Debug|x64.Build.0 = Debug|x64
		{5611FF39-CA32-4CF9-917A-7C3EAF98C1CB}.Debug|x86.ActiveCfg = Debug|Win32
		{5611FF39-CA32-4CF9-917A-7C3EAF98C1CB}.Debug|x86.Build.0 = Debug|Win32
		{5611FF39-CA32-4CF9-917A-7C3EAF98C1CB}.Release|x64.ActiveCfg = Release|x64
		{5611FF39-CA32-4CF9-917A-7C3EAF98C1CB}.Release|x64.Build.0 = Release|x64
		{5611FF39-CA32-4CF9-917A-7C3EAF98C1CB}.Release|x86.ActiveCfg = Release|Win32
		{5611FF39-CA32-4CF9-917A-7C3EAF98C1CB}.Release|x86.Build.0 = Release|Win32
		{2646688D-1611-49FA-8484-F19485C94C68}.Debug|x64.ActiveCfg = Debug|x64
		{2646688D-1611-49FA-8484-F19485C94C68}.Debug|x64.Build.0 = Debug|x64
		{2646688D-1611-49FA-8484-F19485C94C68}.Debug|x86.ActiveCfg = Debug|Win32
		{2646688D-1611-49FA-8484-F19485C94C68}.Debug|x86.Build.0 = Debug|Win32
		{2646688D-1611-49FA-8484-F19485C94C68}.Release|x64.ActiveCfg = Release|x64
		{2646688D-1611-49FA-8484-F19485C94C68}.Release|x64.Build.0 = Release|x64
		{2646688D-1611-49FA-8484-F19485C94C68}.Release|x86.ActiveCfg = Release|Win32
		{2646688D-1611-49FA-8484-F19485C94C68}.Release|x86.Build.0 = Release|Win32
	EndGlobalSection
	GlobalSection(SolutionProperties) = preSolution
		HideSolutionNode = FALSE
	EndGlobalSection
	GlobalSection(ExtensibilityGlobals) = postSolution
		SolutionGuid = {483C71B7-E91F-4CFB-8EBC-0BA9BA0F5F37}
	EndGlobalSection
EndGlobal
